// !$*UTF8*$!
{
	archiveVersion = 1;
	classes = {
	};
	objectVersion = 46;
	objects = {

/* Begin PBXBuildFile section */
		1D6FA8201AABEA2000073A6C /* AppDelegate.swift in Sources */ = {isa = PBXBuildFile; fileRef = 1D6FA81F1AABEA2000073A6C /* AppDelegate.swift */; };
		1D6FA8221AABEA2000073A6C /* RecordSoundsViewController.swift in Sources */ = {isa = PBXBuildFile; fileRef = 1D6FA8211AABEA2000073A6C /* RecordSoundsViewController.swift */; };
		1D6FA8251AABEA2000073A6C /* Main.storyboard in Resources */ = {isa = PBXBuildFile; fileRef = 1D6FA8231AABEA2000073A6C /* Main.storyboard */; };
		1D6FA8271AABEA2000073A6C /* Images.xcassets in Resources */ = {isa = PBXBuildFile; fileRef = 1D6FA8261AABEA2000073A6C /* Images.xcassets */; };
		1D6FA82A1AABEA2000073A6C /* LaunchScreen.xib in Resources */ = {isa = PBXBuildFile; fileRef = 1D6FA8281AABEA2000073A6C /* LaunchScreen.xib */; };
		1D6FA8361AABEA2100073A6C /* Pitch_PerfectTests.swift in Sources */ = {isa = PBXBuildFile; fileRef = 1D6FA8351AABEA2100073A6C /* Pitch_PerfectTests.swift */; };
		1D6FA8401AACD63900073A6C /* PlaySoundsViewController.swift in Sources */ = {isa = PBXBuildFile; fileRef = 1D6FA83F1AACD63900073A6C /* PlaySoundsViewController.swift */; };
		1D6FA8421AACD87700073A6C /* movie_quote.mp3 in Resources */ = {isa = PBXBuildFile; fileRef = 1D6FA8411AACD87700073A6C /* movie_quote.mp3 */; };
		1D6FA8441AACE56F00073A6C /* RecordedAudio.swift in Sources */ = {isa = PBXBuildFile; fileRef = 1D6FA8431AACE56F00073A6C /* RecordedAudio.swift */; };
/* End PBXBuildFile section */

/* Begin PBXContainerItemProxy section */
		1D6FA8301AABEA2100073A6C /* PBXContainerItemProxy */ = {
			isa = PBXContainerItemProxy;
			containerPortal = 1D6FA8121AABEA2000073A6C /* Project object */;
			proxyType = 1;
			remoteGlobalIDString = 1D6FA8191AABEA2000073A6C;
			remoteInfo = "Pitch Perfect";
		};
/* End PBXContainerItemProxy section */

/* Begin PBXFileReference section */
		1D6FA81A1AABEA2000073A6C /* Pitch Perfect.app */ = {isa = PBXFileReference; explicitFileType = wrapper.application; includeInIndex = 0; path = "Pitch Perfect.app"; sourceTree = BUILT_PRODUCTS_DIR; };
		1D6FA81E1AABEA2000073A6C /* Info.plist */ = {isa = PBXFileReference; lastKnownFileType = text.plist.xml; path = Info.plist; sourceTree = "<group>"; };
		1D6FA81F1AABEA2000073A6C /* AppDelegate.swift */ = {isa = PBXFileReference; lastKnownFileType = sourcecode.swift; path = AppDelegate.swift; sourceTree = "<group>"; };
		1D6FA8211AABEA2000073A6C /* RecordSoundsViewController.swift */ = {isa = PBXFileReference; lastKnownFileType = sourcecode.swift; path = RecordSoundsViewController.swift; sourceTree = "<group>"; };
		1D6FA8241AABEA2000073A6C /* Base */ = {isa = PBXFileReference; lastKnownFileType = file.storyboard; name = Base; path = Base.lproj/Main.storyboard; sourceTree = "<group>"; };
		1D6FA8261AABEA2000073A6C /* Images.xcassets */ = {isa = PBXFileReference; lastKnownFileType = folder.assetcatalog; path = Images.xcassets; sourceTree = "<group>"; };
		1D6FA8291AABEA2000073A6C /* Base */ = {isa = PBXFileReference; lastKnownFileType = file.xib; name = Base; path = Base.lproj/LaunchScreen.xib; sourceTree = "<group>"; };
		1D6FA82F1AABEA2100073A6C /* Pitch PerfectTests.xctest */ = {isa = PBXFileReference; explicitFileType = wrapper.cfbundle; includeInIndex = 0; path = "Pitch PerfectTests.xctest"; sourceTree = BUILT_PRODUCTS_DIR; };
		1D6FA8341AABEA2100073A6C /* Info.plist */ = {isa = PBXFileReference; lastKnownFileType = text.plist.xml; path = Info.plist; sourceTree = "<group>"; };
		1D6FA8351AABEA2100073A6C /* Pitch_PerfectTests.swift */ = {isa = PBXFileReference; lastKnownFileType = sourcecode.swift; path = Pitch_PerfectTests.swift; sourceTree = "<group>"; };
		1D6FA83F1AACD63900073A6C /* PlaySoundsViewController.swift */ = {isa = PBXFileReference; fileEncoding = 4; lastKnownFileType = sourcecode.swift; path = PlaySoundsViewController.swift; sourceTree = "<group>"; };
		1D6FA8411AACD87700073A6C /* movie_quote.mp3 */ = {isa = PBXFileReference; lastKnownFileType = audio.mp3; name = movie_quote.mp3; path = ../movie_quote.mp3; sourceTree = "<group>"; };
		1D6FA8431AACE56F00073A6C /* RecordedAudio.swift */ = {isa = PBXFileReference; fileEncoding = 4; lastKnownFileType = sourcecode.swift; path = RecordedAudio.swift; sourceTree = "<group>"; };
/* End PBXFileReference section */

/* Begin PBXFrameworksBuildPhase section */
		1D6FA8171AABEA2000073A6C /* Frameworks */ = {
			isa = PBXFrameworksBuildPhase;
			buildActionMask = 2147483647;
			files = (
			);
			runOnlyForDeploymentPostprocessing = 0;
		};
		1D6FA82C1AABEA2100073A6C /* Frameworks */ = {
			isa = PBXFrameworksBuildPhase;
			buildActionMask = 2147483647;
			files = (
			);
			runOnlyForDeploymentPostprocessing = 0;
		};
/* End PBXFrameworksBuildPhase section */

/* Begin PBXGroup section */
		1D6FA8111AABEA2000073A6C = {
			isa = PBXGroup;
			children = (
				1D6FA81C1AABEA2000073A6C /* Pitch Perfect */,
				1D6FA8321AABEA2100073A6C /* Pitch PerfectTests */,
				1D6FA81B1AABEA2000073A6C /* Products */,
			);
			sourceTree = "<group>";
		};
		1D6FA81B1AABEA2000073A6C /* Products */ = {
			isa = PBXGroup;
			children = (
				1D6FA81A1AABEA2000073A6C /* Pitch Perfect.app */,
				1D6FA82F1AABEA2100073A6C /* Pitch PerfectTests.xctest */,
			);
			name = Products;
			sourceTree = "<group>";
		};
		1D6FA81C1AABEA2000073A6C /* Pitch Perfect */ = {
			isa = PBXGroup;
			children = (
				1D6FA8411AACD87700073A6C /* movie_quote.mp3 */,
				1D6FA81F1AABEA2000073A6C /* AppDelegate.swift */,
				1D6FA8211AABEA2000073A6C /* RecordSoundsViewController.swift */,
				1D6FA8431AACE56F00073A6C /* RecordedAudio.swift */,
				1D6FA8231AABEA2000073A6C /* Main.storyboard */,
				1D6FA83F1AACD63900073A6C /* PlaySoundsViewController.swift */,
				1D6FA8261AABEA2000073A6C /* Images.xcassets */,
				1D6FA8281AABEA2000073A6C /* LaunchScreen.xib */,
				1D6FA81D1AABEA2000073A6C /* Supporting Files */,
			);
			path = "Pitch Perfect";
			sourceTree = "<group>";
		};
		1D6FA81D1AABEA2000073A6C /* Supporting Files */ = {
			isa = PBXGroup;
			children = (
				1D6FA81E1AABEA2000073A6C /* Info.plist */,
			);
			name = "Supporting Files";
			sourceTree = "<group>";
		};
		1D6FA8321AABEA2100073A6C /* Pitch PerfectTests */ = {
			isa = PBXGroup;
			children = (
				1D6FA8351AABEA2100073A6C /* Pitch_PerfectTests.swift */,
				1D6FA8331AABEA2100073A6C /* Supporting Files */,
			);
			path = "Pitch PerfectTests";
			sourceTree = "<group>";
		};
		1D6FA8331AABEA2100073A6C /* Supporting Files */ = {
			isa = PBXGroup;
			children = (
				1D6FA8341AABEA2100073A6C /* Info.plist */,
			);
			name = "Supporting Files";
			sourceTree = "<group>";
		};
/* End PBXGroup section */

/* Begin PBXNativeTarget section */
		1D6FA8191AABEA2000073A6C /* Pitch Perfect */ = {
			isa = PBXNativeTarget;
			buildConfigurationList = 1D6FA8391AABEA2100073A6C /* Build configuration list for PBXNativeTarget "Pitch Perfect" */;
			buildPhases = (
				1D6FA8161AABEA2000073A6C /* Sources */,
				1D6FA8171AABEA2000073A6C /* Frameworks */,
				1D6FA8181AABEA2000073A6C /* Resources */,
			);
			buildRules = (
			);
			dependencies = (
			);
			name = "Pitch Perfect";
			productName = "Pitch Perfect";
			productReference = 1D6FA81A1AABEA2000073A6C /* Pitch Perfect.app */;
			productType = "com.apple.product-type.application";
		};
		1D6FA82E1AABEA2100073A6C /* Pitch PerfectTests */ = {
			isa = PBXNativeTarget;
			buildConfigurationList = 1D6FA83C1AABEA2100073A6C /* Build configuration list for PBXNativeTarget "Pitch PerfectTests" */;
			buildPhases = (
				1D6FA82B1AABEA2100073A6C /* Sources */,
				1D6FA82C1AABEA2100073A6C /* Frameworks */,
				1D6FA82D1AABEA2100073A6C /* Resources */,
			);
			buildRules = (
			);
			dependencies = (
				1D6FA8311AABEA2100073A6C /* PBXTargetDependency */,
			);
			name = "Pitch PerfectTests";
			productName = "Pitch PerfectTests";
			productReference = 1D6FA82F1AABEA2100073A6C /* Pitch PerfectTests.xctest */;
			productType = "com.apple.product-type.bundle.unit-test";
		};
/* End PBXNativeTarget section */

/* Begin PBXProject section */
		1D6FA8121AABEA2000073A6C /* Project object */ = {
			isa = PBXProject;
			attributes = {
				LastUpgradeCheck = 0610;
				ORGANIZATIONNAME = "Faktory Studios LLC";
				TargetAttributes = {
					1D6FA8191AABEA2000073A6C = {
						CreatedOnToolsVersion = 6.1.1;
						DevelopmentTeam = PVMZ8MGT9G;
					};
					1D6FA82E1AABEA2100073A6C = {
						CreatedOnToolsVersion = 6.1.1;
						TestTargetID = 1D6FA8191AABEA2000073A6C;
					};
				};
			};
			buildConfigurationList = 1D6FA8151AABEA2000073A6C /* Build configuration list for PBXProject "Pitch Perfect" */;
			compatibilityVersion = "Xcode 3.2";
			developmentRegion = English;
			hasScannedForEncodings = 0;
			knownRegions = (
				en,
				Base,
			);
			mainGroup = 1D6FA8111AABEA2000073A6C;
			productRefGroup = 1D6FA81B1AABEA2000073A6C /* Products */;
			projectDirPath = "";
			projectRoot = "";
			targets = (
				1D6FA8191AABEA2000073A6C /* Pitch Perfect */,
				1D6FA82E1AABEA2100073A6C /* Pitch PerfectTests */,
			);
		};
/* End PBXProject section */

/* Begin PBXResourcesBuildPhase section */
		1D6FA8181AABEA2000073A6C /* Resources */ = {
			isa = PBXResourcesBuildPhase;
			buildActionMask = 2147483647;
			files = (
				1D6FA8251AABEA2000073A6C /* Main.storyboard in Resources */,
				1D6FA82A1AABEA2000073A6C /* LaunchScreen.xib in Resources */,
				1D6FA8421AACD87700073A6C /* movie_quote.mp3 in Resources */,
				1D6FA8271AABEA2000073A6C /* Images.xcassets in Resources */,
			);
			runOnlyForDeploymentPostprocessing = 0;
		};
		1D6FA82D1AABEA2100073A6C /* Resources */ = {
			isa = PBXResourcesBuildPhase;
			buildActionMask = 2147483647;
			files = (
			);
			runOnlyForDeploymentPostprocessing = 0;
		};
/* End PBXResourcesBuildPhase section */

/* Begin PBXSourcesBuildPhase section */
		1D6FA8161AABEA2000073A6C /* Sources */ = {
			isa = PBXSourcesBuildPhase;
			buildActionMask = 2147483647;
			files = (
				1D6FA8441AACE56F00073A6C /* RecordedAudio.swift in Sources */,
				1D6FA8221AABEA2000073A6C /* RecordSoundsViewController.swift in Sources */,
				1D6FA8401AACD63900073A6C /* PlaySoundsViewController.swift in Sources */,
				1D6FA8201AABEA2000073A6C /* AppDelegate.swift in Sources */,
			);
			runOnlyForDeploymentPostprocessing = 0;
		};
		1D6FA82B1AABEA2100073A6C /* Sources */ = {
			isa = PBXSourcesBuildPhase;
			buildActionMask = 2147483647;
			files = (
				1D6FA8361AABEA2100073A6C /* Pitch_PerfectTests.swift in Sources */,
			);
			runOnlyForDeploymentPostprocessing = 0;
		};
/* End PBXSourcesBuildPhase section */

/* Begin PBXTargetDependency section */
		1D6FA8311AABEA2100073A6C /* PBXTargetDependency */ = {
			isa = PBXTargetDependency;
			target = 1D6FA8191AABEA2000073A6C /* Pitch Perfect */;
			targetProxy = 1D6FA8301AABEA2100073A6C /* PBXContainerItemProxy */;
		};
/* End PBXTargetDependency section */

/* Begin PBXVariantGroup section */
		1D6FA8231AABEA2000073A6C /* Main.storyboard */ = {
			isa = PBXVariantGroup;
			children = (
				1D6FA8241AABEA2000073A6C /* Base */,
			);
			name = Main.storyboard;
			sourceTree = "<group>";
		};
		1D6FA8281AABEA2000073A6C /* LaunchScreen.xib */ = {
			isa = PBXVariantGroup;
			children = (
				1D6FA8291AABEA2000073A6C /* Base */,
			);
			name = LaunchScreen.xib;
			sourceTree = "<group>";
		};
/* End PBXVariantGroup section */

/* Begin XCBuildConfiguration section */
		1D6FA8371AABEA2100073A6C /* Debug */ = {
			isa = XCBuildConfiguration;
			buildSettings = {
				ALWAYS_SEARCH_USER_PATHS = NO;
				CLANG_CXX_LANGUAGE_STANDARD = "gnu++0x";
				CLANG_CXX_LIBRARY = "libc++";
				CLANG_ENABLE_MODULES = YES;
				CLANG_ENABLE_OBJC_ARC = YES;
				CLANG_WARN_BOOL_CONVERSION = YES;
				CLANG_WARN_CONSTANT_CONVERSION = YES;
				CLANG_WARN_DIRECT_OBJC_ISA_USAGE = YES_ERROR;
				CLANG_WARN_EMPTY_BODY = YES;
				CLANG_WARN_ENUM_CONVERSION = YES;
				CLANG_WARN_INT_CONVERSION = YES;
				CLANG_WARN_OBJC_ROOT_CLASS = YES_ERROR;
				CLANG_WARN_UNREACHABLE_CODE = YES;
				CLANG_WARN__DUPLICATE_METHOD_MATCH = YES;
				"CODE_SIGN_IDENTITY[sdk=iphoneos*]" = "iPhone Developer";
				COPY_PHASE_STRIP = NO;
				ENABLE_STRICT_OBJC_MSGSEND = YES;
				GCC_C_LANGUAGE_STANDARD = gnu99;
				GCC_DYNAMIC_NO_PIC = NO;
				GCC_OPTIMIZATION_LEVEL = 0;
				GCC_PREPROCESSOR_DEFINITIONS = (
					"DEBUG=1",
					"$(inherited)",
				);
				GCC_SYMBOLS_PRIVATE_EXTERN = NO;
				GCC_WARN_64_TO_32_BIT_CONVERSION = YES;
				GCC_WARN_ABOUT_RETURN_TYPE = YES_ERROR;
				GCC_WARN_UNDECLARED_SELECTOR = YES;
				GCC_WARN_UNINITIALIZED_AUTOS = YES_AGGRESSIVE;
				GCC_WARN_UNUSED_FUNCTION = YES;
				GCC_WARN_UNUSED_VARIABLE = YES;
				IPHONEOS_DEPLOYMENT_TARGET = 8.1;
				MTL_ENABLE_DEBUG_INFO = YES;
				ONLY_ACTIVE_ARCH = YES;
				SDKROOT = iphoneos;
				SWIFT_OPTIMIZATION_LEVEL = "-Onone";
			};
			name = Debug;
		};
		1D6FA8381AABEA2100073A6C /* Release */ = {
			isa = XCBuildConfiguration;
			buildSettings = {
				ALWAYS_SEARCH_USER_PATHS = NO;
				CLANG_CXX_LANGUAGE_STANDARD = "gnu++0x";
				CLANG_CXX_LIBRARY = "libc++";
				CLANG_ENABLE_MODULES = YES;
				CLANG_ENABLE_OBJC_ARC = YES;
				CLANG_WARN_BOOL_CONVERSION = YES;
				CLANG_WARN_CONSTANT_CONVERSION = YES;
				CLANG_WARN_DIRECT_OBJC_ISA_USAGE = YES_ERROR;
				CLANG_WARN_EMPTY_BODY = YES;
				CLANG_WARN_ENUM_CONVERSION = YES;
				CLANG_WARN_INT_CONVERSION = YES;
				CLANG_WARN_OBJC_ROOT_CLASS = YES_ERROR;
				CLANG_WARN_UNREACHABLE_CODE = YES;
				CLANG_WARN__DUPLICATE_METHOD_MATCH = YES;
				"CODE_SIGN_IDENTITY[sdk=iphoneos*]" = "iPhone Developer";
				COPY_PHASE_STRIP = YES;
				ENABLE_NS_ASSERTIONS = NO;
				ENABLE_STRICT_OBJC_MSGSEND = YES;
				GCC_C_LANGUAGE_STANDARD = gnu99;
				GCC_WARN_64_TO_32_BIT_CONVERSION = YES;
				GCC_WARN_ABOUT_RETURN_TYPE = YES_ERROR;
				GCC_WARN_UNDECLARED_SELECTOR = YES;
				GCC_WARN_UNINITIALIZED_AUTOS = YES_AGGRESSIVE;
				GCC_WARN_UNUSED_FUNCTION = YES;
				GCC_WARN_UNUSED_VARIABLE = YES;
				IPHONEOS_DEPLOYMENT_TARGET = 8.1;
				MTL_ENABLE_DEBUG_INFO = NO;
				SDKROOT = iphoneos;
				VALIDATE_PRODUCT = YES;
			};
			name = Release;
		};
		1D6FA83A1AABEA2100073A6C /* Debug */ = {
			isa = XCBuildConfiguration;
			buildSettings = {
				ASSETCATALOG_COMPILER_APPICON_NAME = AppIcon;
				CODE_SIGN_IDENTITY = "iPhone Developer";
				"CODE_SIGN_IDENTITY[sdk=iphoneos*]" = "iPhone Developer";
				INFOPLIST_FILE = "Pitch Perfect/Info.plist";
				LD_RUNPATH_SEARCH_PATHS = "$(inherited) @executable_path/Frameworks";
				PRODUCT_NAME = "$(TARGET_NAME)";
				PROVISIONING_PROFILE = "";
			};
			name = Debug;
		};
		1D6FA83B1AABEA2100073A6C /* Release */ = {
			isa = XCBuildConfiguration;
			buildSettings = {
				ASSETCATALOG_COMPILER_APPICON_NAME = AppIcon;
				CODE_SIGN_IDENTITY = "iPhone Developer";
				"CODE_SIGN_IDENTITY[sdk=iphoneos*]" = "iPhone Developer";
				INFOPLIST_FILE = "Pitch Perfect/Info.plist";
				LD_RUNPATH_SEARCH_PATHS = "$(inherited) @executable_path/Frameworks";
				PRODUCT_NAME = "$(TARGET_NAME)";
				PROVISIONING_PROFILE = "";
			};
			name = Release;
		};
		1D6FA83D1AABEA2100073A6C /* Debug */ = {
			isa = XCBuildConfiguration;
			buildSettings = {
				BUNDLE_LOADER = "$(TEST_HOST)";
				FRAMEWORK_SEARCH_PATHS = (
					"$(SDKROOT)/Developer/Library/Frameworks",
					"$(inherited)",
				);
				GCC_PREPROCESSOR_DEFINITIONS = (
					"DEBUG=1",
					"$(inherited)",
				);
				INFOPLIST_FILE = "Pitch PerfectTests/Info.plist";
				LD_RUNPATH_SEARCH_PATHS = "$(inherited) @executable_path/Frameworks @loader_path/Frameworks";
				PRODUCT_NAME = "$(TARGET_NAME)";
				TEST_HOST = "$(BUILT_PRODUCTS_DIR)/Pitch Perfect.app/Pitch Perfect";
			};
			name = Debug;
		};
		1D6FA83E1AABEA2100073A6C /* Release */ = {
			isa = XCBuildConfiguration;
			buildSettings = {
				BUNDLE_LOADER = "$(TEST_HOST)";
				FRAMEWORK_SEARCH_PATHS = (
					"$(SDKROOT)/Developer/Library/Frameworks",
					"$(inherited)",
				);
				INFOPLIST_FILE = "Pitch PerfectTests/Info.plist";
				LD_RUNPATH_SEARCH_PATHS = "$(inherited) @executable_path/Frameworks @loader_path/Frameworks";
				PRODUCT_NAME = "$(TARGET_NAME)";
				TEST_HOST = "$(BUILT_PRODUCTS_DIR)/Pitch Perfect.app/Pitch Perfect";
			};
			name = Release;
		};
/* End XCBuildConfiguration section */

/* Begin XCConfigurationList section */
		1D6FA8151AABEA2000073A6C /* Build configuration list for PBXProject "Pitch Perfect" */ = {
			isa = XCConfigurationList;
			buildConfigurations = (
				1D6FA8371AABEA2100073A6C /* Debug */,
				1D6FA8381AABEA2100073A6C /* Release */,
			);
			defaultConfigurationIsVisible = 0;
			defaultConfigurationName = Release;
		};
		1D6FA8391AABEA2100073A6C /* Build configuration list for PBXNativeTarget "Pitch Perfect" */ = {
			isa = XCConfigurationList;
			buildConfigurations = (
				1D6FA83A1AABEA2100073A6C /* Debug */,
				1D6FA83B1AABEA2100073A6C /* Release */,
			);
			defaultConfigurationIsVisible = 0;
			defaultConfigurationName = Release;
		};
		1D6FA83C1AABEA2100073A6C /* Build configuration list for PBXNativeTarget "Pitch PerfectTests" */ = {
			isa = XCConfigurationList;
			buildConfigurations = (
				1D6FA83D1AABEA2100073A6C /* Debug */,
				1D6FA83E1AABEA2100073A6C /* Release */,
			);
			defaultConfigurationIsVisible = 0;
			defaultConfigurationName = Release;
		};
/* End XCConfigurationList section */
	};
	rootObject = 1D6FA8121AABEA2000073A6C /* Project object */;
}
